Microsoft Visual Studio Solution File, Format Version 12.00
# Visual Studio Version 17
VisualStudioVersion = 17.5.2.0
MinimumVisualStudioVersion = 10.0.40219.1
Project("{FAE04EC0-301F-11D3-BF4B-00C04F79EFBC}") = "SomaticVR-Tracker-Emulator", "SomaticVR-Tracker-Emulator.csproj", "{2903A4F1-FF6A-84CB-0D3D-94EEC7C372F9}"
EndProject
Global
	GlobalSection(SolutionConfigurationPlatforms) = preSolution
		Debug|Any CPU = Debug|Any CPU
		Release|Any CPU = Release|Any CPU
	EndGlobalSection
	GlobalSection(ProjectConfigurationPlatforms) = postSolution
		{2903A4F1-FF6A-84CB-0D3D-94EEC7C372F9}.Debug|Any CPU.ActiveCfg = Debug|Any CPU
		{2903A4F1-FF6A-84CB-0D3D-94EEC7C372F9}.Debug|Any CPU.Build.0 = Debug|Any CPU
		{2903A4F1-FF6A-84CB-0D3D-94EEC7C372F9}.Release|Any CPU.ActiveCfg = Release|Any CPU
		{2903A4F1-FF6A-84CB-0D3D-94EEC7C372F9}.Release|Any CPU.Build.0 = Release|Any CPU
	EndGlobalSection
	GlobalSection(SolutionProperties) = preSolution
		HideSolutionNode = FALSE
	EndGlobalSection
	GlobalSection(ExtensibilityGlobals) = postSolution
		SolutionGuid = {7A14D51F-3996-4EDE-9610-29DA90F6BB0C}
	EndGlobalSection
EndGlobal
